<?xml version="1.0" encoding="UTF-8" standalone="yes" ?>
<CodeBlocks_project_file>
	<FileVersion major="1" minor="6" />
	<Project>
		<Option title="client_pcss" />
		<Option pch_mode="2" />
		<Option compiler="gcc" />
		<Build>
			<Target title="Debug">
				<Option output="bin/Debug/client_pcss" prefix_auto="1" extension_auto="1" />
				<Option object_output="obj/Debug/" />
				<Option type="1" />
				<Option compiler="gcc" />
				<Compiler>
					<Add option="-g" />
					<Add directory="include" />
				</Compiler>
			</Target>
			<Target title="Release">
				<Option output="bin/Release/client_pcss" prefix_auto="1" extension_auto="1" />
				<Option object_output="obj/Release/" />
				<Option type="1" />
				<Option compiler="gcc" />
				<Compiler>
					<Add option="-O2" />
					<Add directory="include" />
				</Compiler>
				<Linker>
					<Add option="-s" />
				</Linker>
			</Target>
		</Build>
		<Compiler>
			<Add option="-Wall" />
			<Add option="-std=c++11" />
			<Add option="-fexceptions" />
		</Compiler>
		<Linker>
			<Add library="ws2_32" />
		</Linker>
		<Unit filename="include/Archer.h" />
		<Unit filename="include/Character.h" />
		<Unit filename="include/Dice.h" />
		<Unit filename="include/Fighter.h" />
		<Unit filename="include/Game.h" />
		<Unit filename="include/Ranger.h" />
		<Unit filename="include/Wizard.h" />
		<Unit filename="main.cpp" />
		<Unit filename="src/Archer.cpp" />
		<Unit filename="src/Character.cpp" />
		<Unit filename="src/Dice.cpp" />
		<Unit filename="src/Fighter.cpp" />
		<Unit filename="src/Game.cpp" />
		<Unit filename="src/Ranger.cpp" />
		<Unit filename="src/Wizard.cpp" />
		<Extensions>
			<code_completion />
			<envvars />
			<debugger />
			<lib_finder disable_auto="1" />
		</Extensions>
	</Project>
</CodeBlocks_project_file>
